// !$*UTF8*$!
{
	archiveVersion = 1;
	classes = {
	};
	objectVersion = 50;
	objects = {

/* Begin PBXBuildFile section */
		6341B67D2383106700D97661 /* Medication.swift in Sources */ = {isa = PBXBuildFile; fileRef = 6341B67C2383106700D97661 /* Medication.swift */; };
		6341B681238311DA00D97661 /* MedicationController.swift in Sources */ = {isa = PBXBuildFile; fileRef = 6341B680238311DA00D97661 /* MedicationController.swift */; };
		63706D00237F5521002A52B0 /* AppDelegate.swift in Sources */ = {isa = PBXBuildFile; fileRef = 63706CFF237F5521002A52B0 /* AppDelegate.swift */; };
		63706D02237F5521002A52B0 /* SceneDelegate.swift in Sources */ = {isa = PBXBuildFile; fileRef = 63706D01237F5521002A52B0 /* SceneDelegate.swift */; };
		63706D07237F5521002A52B0 /* Main.storyboard in Resources */ = {isa = PBXBuildFile; fileRef = 63706D05237F5521002A52B0 /* Main.storyboard */; };
		63706D09237F5523002A52B0 /* Assets.xcassets in Resources */ = {isa = PBXBuildFile; fileRef = 63706D08237F5523002A52B0 /* Assets.xcassets */; };
		63706D0C237F5523002A52B0 /* LaunchScreen.storyboard in Resources */ = {isa = PBXBuildFile; fileRef = 63706D0A237F5523002A52B0 /* LaunchScreen.storyboard */; };
		637BC22123845993009950FF /* MedicationCellDelegate.swift in Sources */ = {isa = PBXBuildFile; fileRef = 637BC22023845993009950FF /* MedicationCellDelegate.swift */; };
		637BC22323846357009950FF /* OnboardingPageViewController.swift in Sources */ = {isa = PBXBuildFile; fileRef = 637BC22223846357009950FF /* OnboardingPageViewController.swift */; };
		637BC225238463A5009950FF /* ScreenOne.swift in Sources */ = {isa = PBXBuildFile; fileRef = 637BC224238463A5009950FF /* ScreenOne.swift */; };
		637BC22723846454009950FF /* Onboarding.storyboard in Resources */ = {isa = PBXBuildFile; fileRef = 637BC22623846454009950FF /* Onboarding.storyboard */; };
		637BC229238464B9009950FF /* ScreenTwo.swift in Sources */ = {isa = PBXBuildFile; fileRef = 637BC228238464B9009950FF /* ScreenTwo.swift */; };
		637BC22B238464D0009950FF /* ScreenThree.swift in Sources */ = {isa = PBXBuildFile; fileRef = 637BC22A238464D0009950FF /* ScreenThree.swift */; };
		E3BF6207238346B700BD9798 /* PillsTableViewController.swift in Sources */ = {isa = PBXBuildFile; fileRef = E3BF6206238346B700BD9798 /* PillsTableViewController.swift */; };
		E3BF62092383472C00BD9798 /* PillsTableViewCell.swift in Sources */ = {isa = PBXBuildFile; fileRef = E3BF62082383472C00BD9798 /* PillsTableViewCell.swift */; };
		E3BF620B2383475000BD9798 /* AddPillsViewController.swift in Sources */ = {isa = PBXBuildFile; fileRef = E3BF620A2383475000BD9798 /* AddPillsViewController.swift */; };
/* End PBXBuildFile section */

/* Begin PBXFileReference section */
		6341B67C2383106700D97661 /* Medication.swift */ = {isa = PBXFileReference; lastKnownFileType = sourcecode.swift; path = Medication.swift; sourceTree = "<group>"; };
		6341B680238311DA00D97661 /* MedicationController.swift */ = {isa = PBXFileReference; lastKnownFileType = sourcecode.swift; path = MedicationController.swift; sourceTree = "<group>"; };
		63706CFC237F5521002A52B0 /* Pill Reminder.app */ = {isa = PBXFileReference; explicitFileType = wrapper.application; includeInIndex = 0; path = "Pill Reminder.app"; sourceTree = BUILT_PRODUCTS_DIR; };
		63706CFF237F5521002A52B0 /* AppDelegate.swift */ = {isa = PBXFileReference; lastKnownFileType = sourcecode.swift; path = AppDelegate.swift; sourceTree = "<group>"; };
		63706D01237F5521002A52B0 /* SceneDelegate.swift */ = {isa = PBXFileReference; lastKnownFileType = sourcecode.swift; path = SceneDelegate.swift; sourceTree = "<group>"; };
		63706D06237F5521002A52B0 /* Base */ = {isa = PBXFileReference; lastKnownFileType = file.storyboard; name = Base; path = Base.lproj/Main.storyboard; sourceTree = "<group>"; };
		63706D08237F5523002A52B0 /* Assets.xcassets */ = {isa = PBXFileReference; lastKnownFileType = folder.assetcatalog; path = Assets.xcassets; sourceTree = "<group>"; };
		63706D0B237F5523002A52B0 /* Base */ = {isa = PBXFileReference; lastKnownFileType = file.storyboard; name = Base; path = Base.lproj/LaunchScreen.storyboard; sourceTree = "<group>"; };
		63706D0D237F5523002A52B0 /* Info.plist */ = {isa = PBXFileReference; lastKnownFileType = text.plist.xml; path = Info.plist; sourceTree = "<group>"; };
		637BC22023845993009950FF /* MedicationCellDelegate.swift */ = {isa = PBXFileReference; lastKnownFileType = sourcecode.swift; path = MedicationCellDelegate.swift; sourceTree = "<group>"; };
		637BC22223846357009950FF /* OnboardingPageViewController.swift */ = {isa = PBXFileReference; lastKnownFileType = sourcecode.swift; path = OnboardingPageViewController.swift; sourceTree = "<group>"; };
		637BC224238463A5009950FF /* ScreenOne.swift */ = {isa = PBXFileReference; lastKnownFileType = sourcecode.swift; path = ScreenOne.swift; sourceTree = "<group>"; };
		637BC22623846454009950FF /* Onboarding.storyboard */ = {isa = PBXFileReference; lastKnownFileType = file.storyboard; path = Onboarding.storyboard; sourceTree = "<group>"; };
		637BC228238464B9009950FF /* ScreenTwo.swift */ = {isa = PBXFileReference; lastKnownFileType = sourcecode.swift; path = ScreenTwo.swift; sourceTree = "<group>"; };
		637BC22A238464D0009950FF /* ScreenThree.swift */ = {isa = PBXFileReference; lastKnownFileType = sourcecode.swift; path = ScreenThree.swift; sourceTree = "<group>"; };
		E3BF6206238346B700BD9798 /* PillsTableViewController.swift */ = {isa = PBXFileReference; lastKnownFileType = sourcecode.swift; path = PillsTableViewController.swift; sourceTree = "<group>"; };
		E3BF62082383472C00BD9798 /* PillsTableViewCell.swift */ = {isa = PBXFileReference; lastKnownFileType = sourcecode.swift; path = PillsTableViewCell.swift; sourceTree = "<group>"; };
		E3BF620A2383475000BD9798 /* AddPillsViewController.swift */ = {isa = PBXFileReference; lastKnownFileType = sourcecode.swift; path = AddPillsViewController.swift; sourceTree = "<group>"; };
/* End PBXFileReference section */

/* Begin PBXFrameworksBuildPhase section */
		63706CF9237F5521002A52B0 /* Frameworks */ = {
			isa = PBXFrameworksBuildPhase;
			buildActionMask = 2147483647;
			files = (
			);
			runOnlyForDeploymentPostprocessing = 0;
		};
/* End PBXFrameworksBuildPhase section */

/* Begin PBXGroup section */
		6341B67723830CCC00D97661 /* Supporting Files */ = {
			isa = PBXGroup;
			children = (
				63706CFF237F5521002A52B0 /* AppDelegate.swift */,
				63706D01237F5521002A52B0 /* SceneDelegate.swift */,
				63706D08237F5523002A52B0 /* Assets.xcassets */,
				63706D0D237F5523002A52B0 /* Info.plist */,
			);
			path = "Supporting Files";
			sourceTree = "<group>";
		};
		6341B67823830D0200D97661 /* Storyboards */ = {
			isa = PBXGroup;
			children = (
				63706D05237F5521002A52B0 /* Main.storyboard */,
				63706D0A237F5523002A52B0 /* LaunchScreen.storyboard */,
				637BC22623846454009950FF /* Onboarding.storyboard */,
			);
			path = Storyboards;
			sourceTree = "<group>";
		};
		6341B67923830D1000D97661 /* Controller */ = {
			isa = PBXGroup;
			children = (
				637BC22C238464E0009950FF /* Onboarding */,
				E3BF62082383472C00BD9798 /* PillsTableViewCell.swift */,
				E3BF6206238346B700BD9798 /* PillsTableViewController.swift */,
				E3BF620A2383475000BD9798 /* AddPillsViewController.swift */,
				6341B680238311DA00D97661 /* MedicationController.swift */,
			);
			path = Controller;
			sourceTree = "<group>";
		};
		6341B67A23830D1800D97661 /* View */ = {
			isa = PBXGroup;
			children = (
				6341B67823830D0200D97661 /* Storyboards */,
			);
			path = View;
			sourceTree = "<group>";
		};
		6341B67B23830D1D00D97661 /* Model */ = {
			isa = PBXGroup;
			children = (
				6341B67C2383106700D97661 /* Medication.swift */,
			);
			path = Model;
			sourceTree = "<group>";
		};
		63706CF3237F5521002A52B0 = {
			isa = PBXGroup;
			children = (
				63706CFE237F5521002A52B0 /* Pill Reminder */,
				63706CFD237F5521002A52B0 /* Products */,
			);
			sourceTree = "<group>";
		};
		63706CFD237F5521002A52B0 /* Products */ = {
			isa = PBXGroup;
			children = (
				63706CFC237F5521002A52B0 /* Pill Reminder.app */,
			);
			name = Products;
			sourceTree = "<group>";
		};
		63706CFE237F5521002A52B0 /* Pill Reminder */ = {
			isa = PBXGroup;
			children = (
				6341B67B23830D1D00D97661 /* Model */,
				6341B67A23830D1800D97661 /* View */,
				6341B67923830D1000D97661 /* Controller */,
				637BC21F23845973009950FF /* Protocols */,
				6341B67723830CCC00D97661 /* Supporting Files */,
			);
			path = "Pill Reminder";
			sourceTree = "<group>";
		};
		637BC21F23845973009950FF /* Protocols */ = {
			isa = PBXGroup;
			children = (
				637BC22023845993009950FF /* MedicationCellDelegate.swift */,
			);
			path = Protocols;
			sourceTree = "<group>";
		};
		637BC22C238464E0009950FF /* Onboarding */ = {
			isa = PBXGroup;
			children = (
				637BC22223846357009950FF /* OnboardingPageViewController.swift */,
				637BC224238463A5009950FF /* ScreenOne.swift */,
				637BC228238464B9009950FF /* ScreenTwo.swift */,
				637BC22A238464D0009950FF /* ScreenThree.swift */,
			);
			path = Onboarding;
			sourceTree = "<group>";
		};
/* End PBXGroup section */

/* Begin PBXNativeTarget section */
		63706CFB237F5521002A52B0 /* Pill Reminder */ = {
			isa = PBXNativeTarget;
			buildConfigurationList = 63706D10237F5523002A52B0 /* Build configuration list for PBXNativeTarget "Pill Reminder" */;
			buildPhases = (
				63706CF8237F5521002A52B0 /* Sources */,
				63706CF9237F5521002A52B0 /* Frameworks */,
				63706CFA237F5521002A52B0 /* Resources */,
			);
			buildRules = (
			);
			dependencies = (
			);
			name = "Pill Reminder";
			productName = "Pill Reminder";
			productReference = 63706CFC237F5521002A52B0 /* Pill Reminder.app */;
			productType = "com.apple.product-type.application";
		};
/* End PBXNativeTarget section */

/* Begin PBXProject section */
		63706CF4237F5521002A52B0 /* Project object */ = {
			isa = PBXProject;
			attributes = {
				LastSwiftUpdateCheck = 1120;
				LastUpgradeCheck = 1120;
				ORGANIZATIONNAME = "Chad & Tyler";
				TargetAttributes = {
					63706CFB237F5521002A52B0 = {
						CreatedOnToolsVersion = 11.2;
					};
				};
			};
			buildConfigurationList = 63706CF7237F5521002A52B0 /* Build configuration list for PBXProject "Pill Reminder" */;
			compatibilityVersion = "Xcode 9.3";
			developmentRegion = en;
			hasScannedForEncodings = 0;
			knownRegions = (
				en,
				Base,
			);
			mainGroup = 63706CF3237F5521002A52B0;
			productRefGroup = 63706CFD237F5521002A52B0 /* Products */;
			projectDirPath = "";
			projectRoot = "";
			targets = (
				63706CFB237F5521002A52B0 /* Pill Reminder */,
			);
		};
/* End PBXProject section */

/* Begin PBXResourcesBuildPhase section */
		63706CFA237F5521002A52B0 /* Resources */ = {
			isa = PBXResourcesBuildPhase;
			buildActionMask = 2147483647;
			files = (
				63706D0C237F5523002A52B0 /* LaunchScreen.storyboard in Resources */,
				63706D09237F5523002A52B0 /* Assets.xcassets in Resources */,
				63706D07237F5521002A52B0 /* Main.storyboard in Resources */,
				637BC22723846454009950FF /* Onboarding.storyboard in Resources */,
			);
			runOnlyForDeploymentPostprocessing = 0;
		};
/* End PBXResourcesBuildPhase section */

/* Begin PBXSourcesBuildPhase section */
		63706CF8237F5521002A52B0 /* Sources */ = {
			isa = PBXSourcesBuildPhase;
			buildActionMask = 2147483647;
			files = (
				63706D00237F5521002A52B0 /* AppDelegate.swift in Sources */,
				6341B67D2383106700D97661 /* Medication.swift in Sources */,
				637BC225238463A5009950FF /* ScreenOne.swift in Sources */,
				6341B681238311DA00D97661 /* MedicationController.swift in Sources */,
				63706D02237F5521002A52B0 /* SceneDelegate.swift in Sources */,
				E3BF62092383472C00BD9798 /* PillsTableViewCell.swift in Sources */,
				E3BF620B2383475000BD9798 /* AddPillsViewController.swift in Sources */,
				E3BF6207238346B700BD9798 /* PillsTableViewController.swift in Sources */,
				637BC22B238464D0009950FF /* ScreenThree.swift in Sources */,
				637BC229238464B9009950FF /* ScreenTwo.swift in Sources */,
				637BC22323846357009950FF /* OnboardingPageViewController.swift in Sources */,
				637BC22123845993009950FF /* MedicationCellDelegate.swift in Sources */,
			);
			runOnlyForDeploymentPostprocessing = 0;
		};
/* End PBXSourcesBuildPhase section */

/* Begin PBXVariantGroup section */
		63706D05237F5521002A52B0 /* Main.storyboard */ = {
			isa = PBXVariantGroup;
			children = (
				63706D06237F5521002A52B0 /* Base */,
			);
			name = Main.storyboard;
			sourceTree = "<group>";
		};
		63706D0A237F5523002A52B0 /* LaunchScreen.storyboard */ = {
			isa = PBXVariantGroup;
			children = (
				63706D0B237F5523002A52B0 /* Base */,
			);
			name = LaunchScreen.storyboard;
			sourceTree = "<group>";
		};
/* End PBXVariantGroup section */

/* Begin XCBuildConfiguration section */
		63706D0E237F5523002A52B0 /* Debug */ = {
			isa = XCBuildConfiguration;
			buildSettings = {
				ALWAYS_SEARCH_USER_PATHS = NO;
				CLANG_ANALYZER_NONNULL = YES;
				CLANG_ANALYZER_NUMBER_OBJECT_CONVERSION = YES_AGGRESSIVE;
				CLANG_CXX_LANGUAGE_STANDARD = "gnu++14";
				CLANG_CXX_LIBRARY = "libc++";
				CLANG_ENABLE_MODULES = YES;
				CLANG_ENABLE_OBJC_ARC = YES;
				CLANG_ENABLE_OBJC_WEAK = YES;
				CLANG_WARN_BLOCK_CAPTURE_AUTORELEASING = YES;
				CLANG_WARN_BOOL_CONVERSION = YES;
				CLANG_WARN_COMMA = YES;
				CLANG_WARN_CONSTANT_CONVERSION = YES;
				CLANG_WARN_DEPRECATED_OBJC_IMPLEMENTATIONS = YES;
				CLANG_WARN_DIRECT_OBJC_ISA_USAGE = YES_ERROR;
				CLANG_WARN_DOCUMENTATION_COMMENTS = YES;
				CLANG_WARN_EMPTY_BODY = YES;
				CLANG_WARN_ENUM_CONVERSION = YES;
				CLANG_WARN_INFINITE_RECURSION = YES;
				CLANG_WARN_INT_CONVERSION = YES;
				CLANG_WARN_NON_LITERAL_NULL_CONVERSION = YES;
				CLANG_WARN_OBJC_IMPLICIT_RETAIN_SELF = YES;
				CLANG_WARN_OBJC_LITERAL_CONVERSION = YES;
				CLANG_WARN_OBJC_ROOT_CLASS = YES_ERROR;
				CLANG_WARN_RANGE_LOOP_ANALYSIS = YES;
				CLANG_WARN_STRICT_PROTOTYPES = YES;
				CLANG_WARN_SUSPICIOUS_MOVE = YES;
				CLANG_WARN_UNGUARDED_AVAILABILITY = YES_AGGRESSIVE;
				CLANG_WARN_UNREACHABLE_CODE = YES;
				CLANG_WARN__DUPLICATE_METHOD_MATCH = YES;
				COPY_PHASE_STRIP = NO;
				DEBUG_INFORMATION_FORMAT = dwarf;
				ENABLE_STRICT_OBJC_MSGSEND = YES;
				ENABLE_TESTABILITY = YES;
				GCC_C_LANGUAGE_STANDARD = gnu11;
				GCC_DYNAMIC_NO_PIC = NO;
				GCC_NO_COMMON_BLOCKS = YES;
				GCC_OPTIMIZATION_LEVEL = 0;
				GCC_PREPROCESSOR_DEFINITIONS = (
					"DEBUG=1",
					"$(inherited)",
				);
				GCC_WARN_64_TO_32_BIT_CONVERSION = YES;
				GCC_WARN_ABOUT_RETURN_TYPE = YES_ERROR;
				GCC_WARN_UNDECLARED_SELECTOR = YES;
				GCC_WARN_UNINITIALIZED_AUTOS = YES_AGGRESSIVE;
				GCC_WARN_UNUSED_FUNCTION = YES;
				GCC_WARN_UNUSED_VARIABLE = YES;
				IPHONEOS_DEPLOYMENT_TARGET = 13.2;
				MTL_ENABLE_DEBUG_INFO = INCLUDE_SOURCE;
				MTL_FAST_MATH = YES;
				ONLY_ACTIVE_ARCH = YES;
				SDKROOT = iphoneos;
				SWIFT_ACTIVE_COMPILATION_CONDITIONS = DEBUG;
				SWIFT_OPTIMIZATION_LEVEL = "-Onone";
			};
			name = Debug;
		};
		63706D0F237F5523002A52B0 /* Release */ = {
			isa = XCBuildConfiguration;
			buildSettings = {
				ALWAYS_SEARCH_USER_PATHS = NO;
				CLANG_ANALYZER_NONNULL = YES;
				CLANG_ANALYZER_NUMBER_OBJECT_CONVERSION = YES_AGGRESSIVE;
				CLANG_CXX_LANGUAGE_STANDARD = "gnu++14";
				CLANG_CXX_LIBRARY = "libc++";
				CLANG_ENABLE_MODULES = YES;
				CLANG_ENABLE_OBJC_ARC = YES;
				CLANG_ENABLE_OBJC_WEAK = YES;
				CLANG_WARN_BLOCK_CAPTURE_AUTORELEASING = YES;
				CLANG_WARN_BOOL_CONVERSION = YES;
				CLANG_WARN_COMMA = YES;
				CLANG_WARN_CONSTANT_CONVERSION = YES;
				CLANG_WARN_DEPRECATED_OBJC_IMPLEMENTATIONS = YES;
				CLANG_WARN_DIRECT_OBJC_ISA_USAGE = YES_ERROR;
				CLANG_WARN_DOCUMENTATION_COMMENTS = YES;
				CLANG_WARN_EMPTY_BODY = YES;
				CLANG_WARN_ENUM_CONVERSION = YES;
				CLANG_WARN_INFINITE_RECURSION = YES;
				CLANG_WARN_INT_CONVERSION = YES;
				CLANG_WARN_NON_LITERAL_NULL_CONVERSION = YES;
				CLANG_WARN_OBJC_IMPLICIT_RETAIN_SELF = YES;
				CLANG_WARN_OBJC_LITERAL_CONVERSION = YES;
				CLANG_WARN_OBJC_ROOT_CLASS = YES_ERROR;
				CLANG_WARN_RANGE_LOOP_ANALYSIS = YES;
				CLANG_WARN_STRICT_PROTOTYPES = YES;
				CLANG_WARN_SUSPICIOUS_MOVE = YES;
				CLANG_WARN_UNGUARDED_AVAILABILITY = YES_AGGRESSIVE;
				CLANG_WARN_UNREACHABLE_CODE = YES;
				CLANG_WARN__DUPLICATE_METHOD_MATCH = YES;
				COPY_PHASE_STRIP = NO;
				DEBUG_INFORMATION_FORMAT = "dwarf-with-dsym";
				ENABLE_NS_ASSERTIONS = NO;
				ENABLE_STRICT_OBJC_MSGSEND = YES;
				GCC_C_LANGUAGE_STANDARD = gnu11;
				GCC_NO_COMMON_BLOCKS = YES;
				GCC_WARN_64_TO_32_BIT_CONVERSION = YES;
				GCC_WARN_ABOUT_RETURN_TYPE = YES_ERROR;
				GCC_WARN_UNDECLARED_SELECTOR = YES;
				GCC_WARN_UNINITIALIZED_AUTOS = YES_AGGRESSIVE;
				GCC_WARN_UNUSED_FUNCTION = YES;
				GCC_WARN_UNUSED_VARIABLE = YES;
				IPHONEOS_DEPLOYMENT_TARGET = 13.2;
				MTL_ENABLE_DEBUG_INFO = NO;
				MTL_FAST_MATH = YES;
				SDKROOT = iphoneos;
				SWIFT_COMPILATION_MODE = wholemodule;
				SWIFT_OPTIMIZATION_LEVEL = "-O";
				VALIDATE_PRODUCT = YES;
			};
			name = Release;
		};
		63706D11237F5523002A52B0 /* Debug */ = {
			isa = XCBuildConfiguration;
			buildSettings = {
				ASSETCATALOG_COMPILER_APPICON_NAME = AppIcon;
				CODE_SIGN_STYLE = Automatic;
				DEVELOPMENT_TEAM = "";
				INFOPLIST_FILE = "Pill Reminder/Supporting Files/Info.plist";
				LD_RUNPATH_SEARCH_PATHS = (
					"$(inherited)",
					"@executable_path/Frameworks",
				);
				PRODUCT_BUNDLE_IDENTIFIER = "com.lambdaschool.Pill-Reminder";
				PRODUCT_NAME = "$(TARGET_NAME)";
				SWIFT_VERSION = 5.0;
				TARGETED_DEVICE_FAMILY = "1,2";
			};
			name = Debug;
		};
		63706D12237F5523002A52B0 /* Release */ = {
			isa = XCBuildConfiguration;
			buildSettings = {
				ASSETCATALOG_COMPILER_APPICON_NAME = AppIcon;
				CODE_SIGN_STYLE = Automatic;
				DEVELOPMENT_TEAM = "";
				INFOPLIST_FILE = "Pill Reminder/Supporting Files/Info.plist";
				LD_RUNPATH_SEARCH_PATHS = (
					"$(inherited)",
					"@executable_path/Frameworks",
				);
				PRODUCT_BUNDLE_IDENTIFIER = "com.lambdaschool.Pill-Reminder";
				PRODUCT_NAME = "$(TARGET_NAME)";
				SWIFT_VERSION = 5.0;
				TARGETED_DEVICE_FAMILY = "1,2";
			};
			name = Release;
		};
/* End XCBuildConfiguration section */

/* Begin XCConfigurationList section */
		63706CF7237F5521002A52B0 /* Build configuration list for PBXProject "Pill Reminder" */ = {
			isa = XCConfigurationList;
			buildConfigurations = (
				63706D0E237F5523002A52B0 /* Debug */,
				63706D0F237F5523002A52B0 /* Release */,
			);
			defaultConfigurationIsVisible = 0;
			defaultConfigurationName = Release;
		};
		63706D10237F5523002A52B0 /* Build configuration list for PBXNativeTarget "Pill Reminder" */ = {
			isa = XCConfigurationList;
			buildConfigurations = (
				63706D11237F5523002A52B0 /* Debug */,
				63706D12237F5523002A52B0 /* Release */,
			);
			defaultConfigurationIsVisible = 0;
			defaultConfigurationName = Release;
		};
/* End XCConfigurationList section */
	};
	rootObject = 63706CF4237F5521002A52B0 /* Project object */;
}
